
Microsoft Visual Studio Solution File, Format Version 12.00
# Visual Studio Version 16
VisualStudioVersion = 16.0.30907.101
MinimumVisualStudioVersion = 10.0.40219.1
Project("{FAE04EC0-301F-11D3-BF4B-00C04F79EFBC}") = "JogoDeXadrez", "JogoDeXadrez\JogoDeXadrez.csproj", "{9D305B98-3CDA-465A-8194-005B7829698E}"
EndProject
Global
	GlobalSection(SolutionConfigurationPlatforms) = preSolution
		Debug|Any CPU = Debug|Any CPU
		Release|Any CPU = Release|Any CPU
	EndGlobalSection
	GlobalSection(ProjectConfigurationPlatforms) = postSolution
		{9D305B98-3CDA-465A-8194-005B7829698E}.Debug|Any CPU.ActiveCfg = Debug|Any CPU
		{9D305B98-3CDA-465A-8194-005B7829698E}.Debug|Any CPU.Build.0 = Debug|Any CPU
		{9D305B98-3CDA-465A-8194-005B7829698E}.Release|Any CPU.ActiveCfg = Release|Any CPU
		{9D305B98-3CDA-465A-8194-005B7829698E}.Release|Any CPU.Build.0 = Release|Any CPU
	EndGlobalSection
	GlobalSection(SolutionProperties) = preSolution
		HideSolutionNode = FALSE
	EndGlobalSection
	GlobalSection(ExtensibilityGlobals) = postSolution
		SolutionGuid = {D224543E-22C3-4433-A114-6262CA1DD4C8}
	EndGlobalSection
EndGlobal
